PODS:
  - Alamofire (4.0.1)
  - KeychainSwift (6.0.2)
  - SwiftSpinner (0.9.5)

DEPENDENCIES:
  - Alamofire (~> 4.0)
  - KeychainSwift (~> 6.0)
  - SwiftSpinner (~> 0.9.5)

SPEC CHECKSUMS:
  Alamofire: 7682d43245de14874acd142ec137b144aa1dd335
  KeychainSwift: a261364334000afa8fab0894390d5d00dd226d4c
  SwiftSpinner: c6585a0ae5c67eb33e737695cce88f0262008cce

PODFILE CHECKSUM: ccecad389a95a8fbca3fa340abf73f24fa6d970c

COCOAPODS: 1.0.0
